
Microsoft Visual Studio Solution File, Format Version 12.00
# Visual Studio Version 16
VisualStudioVersion = 16.0.29503.13
MinimumVisualStudioVersion = 10.0.40219.1
Project("{FAE04EC0-301F-11D3-BF4B-00C04F79EFBC}") = "DiscountLocator19", "DiscountLocator19.csproj", "{E21D8132-39F8-40C5-BA67-A413216967C6}"
EndProject
Project("{9A19103F-16F7-4668-BE54-9A1E7A4F7556}") = "database", "..\database\database.csproj", "{01261CB9-57B1-4752-96D2-DD4E768DD6A4}"
EndProject
Project("{9A19103F-16F7-4668-BE54-9A1E7A4F7556}") = "webservice", "..\webservice\webservice.csproj", "{CAE28467-7002-46E2-A958-CCAC72B47A6B}"
EndProject
Project("{9A19103F-16F7-4668-BE54-9A1E7A4F7556}") = "core", "..\core\core.csproj", "{2AEB6515-CCAD-475D-83CD-00968002308E}"
EndProject
Project("{FAE04EC0-301F-11D3-BF4B-00C04F79EFBC}") = "XamDroid.ExpandableRecyclerView", "..\..\..\expendables\XamDroid.ExpandableRecyclerView\Library\XamDroid.ExpandableRecyclerView\XamDroid.ExpandableRecyclerView.csproj", "{402037B7-4C00-4B95-8A54-7338FAD7061D}"
EndProject
Global
	GlobalSection(SolutionConfigurationPlatforms) = preSolution
		Debug|Any CPU = Debug|Any CPU
		Release|Any CPU = Release|Any CPU
	EndGlobalSection
	GlobalSection(ProjectConfigurationPlatforms) = postSolution
		{E21D8132-39F8-40C5-BA67-A413216967C6}.Debug|Any CPU.ActiveCfg = Debug|Any CPU
		{E21D8132-39F8-40C5-BA67-A413216967C6}.Debug|Any CPU.Build.0 = Debug|Any CPU
		{E21D8132-39F8-40C5-BA67-A413216967C6}.Debug|Any CPU.Deploy.0 = Debug|Any CPU
		{E21D8132-39F8-40C5-BA67-A413216967C6}.Release|Any CPU.ActiveCfg = Release|Any CPU
		{E21D8132-39F8-40C5-BA67-A413216967C6}.Release|Any CPU.Build.0 = Release|Any CPU
		{E21D8132-39F8-40C5-BA67-A413216967C6}.Release|Any CPU.Deploy.0 = Release|Any CPU
		{01261CB9-57B1-4752-96D2-DD4E768DD6A4}.Debug|Any CPU.ActiveCfg = Debug|Any CPU
		{01261CB9-57B1-4752-96D2-DD4E768DD6A4}.Debug|Any CPU.Build.0 = Debug|Any CPU
		{01261CB9-57B1-4752-96D2-DD4E768DD6A4}.Release|Any CPU.ActiveCfg = Release|Any CPU
		{01261CB9-57B1-4752-96D2-DD4E768DD6A4}.Release|Any CPU.Build.0 = Release|Any CPU
		{CAE28467-7002-46E2-A958-CCAC72B47A6B}.Debug|Any CPU.ActiveCfg = Debug|Any CPU
		{CAE28467-7002-46E2-A958-CCAC72B47A6B}.Debug|Any CPU.Build.0 = Debug|Any CPU
		{CAE28467-7002-46E2-A958-CCAC72B47A6B}.Release|Any CPU.ActiveCfg = Release|Any CPU
		{CAE28467-7002-46E2-A958-CCAC72B47A6B}.Release|Any CPU.Build.0 = Release|Any CPU
		{2AEB6515-CCAD-475D-83CD-00968002308E}.Debug|Any CPU.ActiveCfg = Debug|Any CPU
		{2AEB6515-CCAD-475D-83CD-00968002308E}.Debug|Any CPU.Build.0 = Debug|Any CPU
		{2AEB6515-CCAD-475D-83CD-00968002308E}.Release|Any CPU.ActiveCfg = Release|Any CPU
		{2AEB6515-CCAD-475D-83CD-00968002308E}.Release|Any CPU.Build.0 = Release|Any CPU
		{402037B7-4C00-4B95-8A54-7338FAD7061D}.Debug|Any CPU.ActiveCfg = Debug|Any CPU
		{402037B7-4C00-4B95-8A54-7338FAD7061D}.Debug|Any CPU.Build.0 = Debug|Any CPU
		{402037B7-4C00-4B95-8A54-7338FAD7061D}.Release|Any CPU.ActiveCfg = Release|Any CPU
		{402037B7-4C00-4B95-8A54-7338FAD7061D}.Release|Any CPU.Build.0 = Release|Any CPU
	EndGlobalSection
	GlobalSection(SolutionProperties) = preSolution
		HideSolutionNode = FALSE
	EndGlobalSection
	GlobalSection(ExtensibilityGlobals) = postSolution
		SolutionGuid = {73CA56D2-21B8-44FC-9382-5E57924200FC}
	EndGlobalSection
EndGlobal
